
Microsoft Visual Studio Solution File, Format Version 12.00
# Visual Studio Version 17
VisualStudioVersion = 17.14.36119.2 d17.14
MinimumVisualStudioVersion = 10.0.40219.1
Project("{FAE04EC0-301F-11D3-BF4B-00C04F79EFBC}") = "Malshinon", "Malshinon.csproj", "{A49244BE-D2C9-4A53-8752-0ECDA970A7E4}"
EndProject
Global
	GlobalSection(SolutionConfigurationPlatforms) = preSolution
		Debug|Any CPU = Debug|Any CPU
		Release|Any CPU = Release|Any CPU
	EndGlobalSection
	GlobalSection(ProjectConfigurationPlatforms) = postSolution
		{A49244BE-D2C9-4A53-8752-0ECDA970A7E4}.Debug|Any CPU.ActiveCfg = Debug|Any CPU
		{A49244BE-D2C9-4A53-8752-0ECDA970A7E4}.Debug|Any CPU.Build.0 = Debug|Any CPU
		{A49244BE-D2C9-4A53-8752-0ECDA970A7E4}.Release|Any CPU.ActiveCfg = Release|Any CPU
		{A49244BE-D2C9-4A53-8752-0ECDA970A7E4}.Release|Any CPU.Build.0 = Release|Any CPU
	EndGlobalSection
	GlobalSection(SolutionProperties) = preSolution
		HideSolutionNode = FALSE
	EndGlobalSection
	GlobalSection(ExtensibilityGlobals) = postSolution
		SolutionGuid = {79466519-9F26-4D62-9E55-3752DFA150F4}
	EndGlobalSection
EndGlobal
